
Microsoft Visual Studio Solution File, Format Version 12.00
# Visual Studio Version 17
VisualStudioVersion = 17.7.34031.279
MinimumVisualStudioVersion = 10.0.40219.1
Project("{FAE04EC0-301F-11D3-BF4B-00C04F79EFBC}") = "pr_web", "pr_web\pr_web.csproj", "{CAB9D335-6BB2-43CF-ABF5-DF8070EC1D14}"
EndProject
Project("{FAE04EC0-301F-11D3-BF4B-00C04F79EFBC}") = "Modelo", "Modelo\Modelo.csproj", "{C7F53CD4-99F4-4D4A-96A9-CF38915D63A3}"
EndProject
Global
	GlobalSection(SolutionConfigurationPlatforms) = preSolution
		Debug|Any CPU = Debug|Any CPU
		Release|Any CPU = Release|Any CPU
	EndGlobalSection
	GlobalSection(ProjectConfigurationPlatforms) = postSolution
		{CAB9D335-6BB2-43CF-ABF5-DF8070EC1D14}.Debug|Any CPU.ActiveCfg = Debug|Any CPU
		{CAB9D335-6BB2-43CF-ABF5-DF8070EC1D14}.Debug|Any CPU.Build.0 = Debug|Any CPU
		{CAB9D335-6BB2-43CF-ABF5-DF8070EC1D14}.Release|Any CPU.ActiveCfg = Release|Any CPU
		{CAB9D335-6BB2-43CF-ABF5-DF8070EC1D14}.Release|Any CPU.Build.0 = Release|Any CPU
		{C7F53CD4-99F4-4D4A-96A9-CF38915D63A3}.Debug|Any CPU.ActiveCfg = Debug|Any CPU
		{C7F53CD4-99F4-4D4A-96A9-CF38915D63A3}.Debug|Any CPU.Build.0 = Debug|Any CPU
		{C7F53CD4-99F4-4D4A-96A9-CF38915D63A3}.Release|Any CPU.ActiveCfg = Release|Any CPU
		{C7F53CD4-99F4-4D4A-96A9-CF38915D63A3}.Release|Any CPU.Build.0 = Release|Any CPU
	EndGlobalSection
	GlobalSection(SolutionProperties) = preSolution
		HideSolutionNode = FALSE
	EndGlobalSection
	GlobalSection(ExtensibilityGlobals) = postSolution
		SolutionGuid = {4163A89A-07C2-431C-B97E-4105A8E4F713}
	EndGlobalSection
EndGlobal
